// !$*UTF8*$!
{
	archiveVersion = 1;
	classes = {
	};
	objectVersion = 51;
	objects = {

/* Begin PBXBuildFile section */
		D055930322E88650000AB481 /* AppDelegate.swift in Sources */ = {isa = PBXBuildFile; fileRef = D055930222E88650000AB481 /* AppDelegate.swift */; };
		D055930522E88650000AB481 /* ArticlesTableVC.swift in Sources */ = {isa = PBXBuildFile; fileRef = D055930422E88650000AB481 /* ArticlesTableVC.swift */; };
		D055930822E88650000AB481 /* Main.storyboard in Resources */ = {isa = PBXBuildFile; fileRef = D055930622E88650000AB481 /* Main.storyboard */; };
		D055930A22E88657000AB481 /* Assets.xcassets in Resources */ = {isa = PBXBuildFile; fileRef = D055930922E88657000AB481 /* Assets.xcassets */; };
		D055930D22E88657000AB481 /* LaunchScreen.storyboard in Resources */ = {isa = PBXBuildFile; fileRef = D055930B22E88657000AB481 /* LaunchScreen.storyboard */; };
		D083714D22EF180C00220B18 /* ArticleRetriever.swift in Sources */ = {isa = PBXBuildFile; fileRef = D083714C22EF180C00220B18 /* ArticleRetriever.swift */; };
		D083714F22EF558400220B18 /* ArticleTableViewCell.swift in Sources */ = {isa = PBXBuildFile; fileRef = D083714E22EF558400220B18 /* ArticleTableViewCell.swift */; };
		D083715122F1C27100220B18 /* ArticleViewController.swift in Sources */ = {isa = PBXBuildFile; fileRef = D083715022F1C27100220B18 /* ArticleViewController.swift */; };
		D083715322F1EAB900220B18 /* ExtendedArticleModel.swift in Sources */ = {isa = PBXBuildFile; fileRef = D083715222F1EAB900220B18 /* ExtendedArticleModel.swift */; };
		D083946922E9DB4100CB52E5 /* ArticleModel.swift in Sources */ = {isa = PBXBuildFile; fileRef = D083946822E9DB4000CB52E5 /* ArticleModel.swift */; };
		E186AF2DE817E1D90418A98D /* Pods_DOUCalendar.framework in Frameworks */ = {isa = PBXBuildFile; fileRef = EC27A9A9E4D4FB98551236CB /* Pods_DOUCalendar.framework */; };
/* End PBXBuildFile section */

/* Begin PBXFileReference section */
		57991BB920877D56FB065E65 /* Pods-DOUCalendar.release.xcconfig */ = {isa = PBXFileReference; includeInIndex = 1; lastKnownFileType = text.xcconfig; name = "Pods-DOUCalendar.release.xcconfig"; path = "Target Support Files/Pods-DOUCalendar/Pods-DOUCalendar.release.xcconfig"; sourceTree = "<group>"; };
		63B9591DD7B27C7B801E9693 /* Pods-DOUCalendar.debug.xcconfig */ = {isa = PBXFileReference; includeInIndex = 1; lastKnownFileType = text.xcconfig; name = "Pods-DOUCalendar.debug.xcconfig"; path = "Target Support Files/Pods-DOUCalendar/Pods-DOUCalendar.debug.xcconfig"; sourceTree = "<group>"; };
		D05592FF22E88650000AB481 /* DOUCalendar.app */ = {isa = PBXFileReference; explicitFileType = wrapper.application; includeInIndex = 0; path = DOUCalendar.app; sourceTree = BUILT_PRODUCTS_DIR; };
		D055930222E88650000AB481 /* AppDelegate.swift */ = {isa = PBXFileReference; lastKnownFileType = sourcecode.swift; name = AppDelegate.swift; path = ../AppDelegate.swift; sourceTree = "<group>"; };
		D055930422E88650000AB481 /* ArticlesTableVC.swift */ = {isa = PBXFileReference; lastKnownFileType = sourcecode.swift; path = ArticlesTableVC.swift; sourceTree = "<group>"; };
		D055930722E88650000AB481 /* Base */ = {isa = PBXFileReference; lastKnownFileType = file.storyboard; name = Base; path = Base.lproj/Main.storyboard; sourceTree = "<group>"; };
		D055930922E88657000AB481 /* Assets.xcassets */ = {isa = PBXFileReference; lastKnownFileType = folder.assetcatalog; path = Assets.xcassets; sourceTree = "<group>"; };
		D055930C22E88657000AB481 /* Base */ = {isa = PBXFileReference; lastKnownFileType = file.storyboard; name = Base; path = Base.lproj/LaunchScreen.storyboard; sourceTree = "<group>"; };
		D055930E22E88657000AB481 /* Info.plist */ = {isa = PBXFileReference; lastKnownFileType = text.plist.xml; path = Info.plist; sourceTree = "<group>"; };
		D083714C22EF180C00220B18 /* ArticleRetriever.swift */ = {isa = PBXFileReference; lastKnownFileType = sourcecode.swift; path = ArticleRetriever.swift; sourceTree = "<group>"; };
		D083714E22EF558400220B18 /* ArticleTableViewCell.swift */ = {isa = PBXFileReference; lastKnownFileType = sourcecode.swift; path = ArticleTableViewCell.swift; sourceTree = "<group>"; };
		D083715022F1C27100220B18 /* ArticleViewController.swift */ = {isa = PBXFileReference; lastKnownFileType = sourcecode.swift; path = ArticleViewController.swift; sourceTree = "<group>"; };
		D083715222F1EAB900220B18 /* ExtendedArticleModel.swift */ = {isa = PBXFileReference; lastKnownFileType = sourcecode.swift; path = ExtendedArticleModel.swift; sourceTree = "<group>"; };
		D083946822E9DB4000CB52E5 /* ArticleModel.swift */ = {isa = PBXFileReference; lastKnownFileType = sourcecode.swift; path = ArticleModel.swift; sourceTree = "<group>"; };
		EC27A9A9E4D4FB98551236CB /* Pods_DOUCalendar.framework */ = {isa = PBXFileReference; explicitFileType = wrapper.framework; includeInIndex = 0; path = Pods_DOUCalendar.framework; sourceTree = BUILT_PRODUCTS_DIR; };
/* End PBXFileReference section */

/* Begin PBXFrameworksBuildPhase section */
		D05592FC22E8864F000AB481 /* Frameworks */ = {
			isa = PBXFrameworksBuildPhase;
			buildActionMask = 2147483647;
			files = (
				E186AF2DE817E1D90418A98D /* Pods_DOUCalendar.framework in Frameworks */,
			);
			runOnlyForDeploymentPostprocessing = 0;
		};
/* End PBXFrameworksBuildPhase section */

/* Begin PBXGroup section */
		B63E05AB2110D93618C96DFF /* Frameworks */ = {
			isa = PBXGroup;
			children = (
				EC27A9A9E4D4FB98551236CB /* Pods_DOUCalendar.framework */,
			);
			name = Frameworks;
			sourceTree = "<group>";
		};
		D05592F622E8864F000AB481 = {
			isa = PBXGroup;
			children = (
				D055930122E88650000AB481 /* DOUCalendar */,
				D055930022E88650000AB481 /* Products */,
				D8C184170854DB58FAB519DA /* Pods */,
				B63E05AB2110D93618C96DFF /* Frameworks */,
			);
			sourceTree = "<group>";
		};
		D055930022E88650000AB481 /* Products */ = {
			isa = PBXGroup;
			children = (
				D05592FF22E88650000AB481 /* DOUCalendar.app */,
			);
			name = Products;
			sourceTree = "<group>";
		};
		D055930122E88650000AB481 /* DOUCalendar */ = {
			isa = PBXGroup;
			children = (
				D055931622E8883B000AB481 /* Controller */,
				D055931522E8881E000AB481 /* View */,
				D055931422E88810000AB481 /* Model */,
				D065A14B22E9A2CC0049B608 /* Supporting Files */,
				D055930E22E88657000AB481 /* Info.plist */,
			);
			path = DOUCalendar;
			sourceTree = "<group>";
		};
		D055931422E88810000AB481 /* Model */ = {
			isa = PBXGroup;
			children = (
				D083946822E9DB4000CB52E5 /* ArticleModel.swift */,
				D083715222F1EAB900220B18 /* ExtendedArticleModel.swift */,
			);
			path = Model;
			sourceTree = "<group>";
		};
		D055931522E8881E000AB481 /* View */ = {
			isa = PBXGroup;
			children = (
				D055930B22E88657000AB481 /* LaunchScreen.storyboard */,
				D055930622E88650000AB481 /* Main.storyboard */,
				D083714E22EF558400220B18 /* ArticleTableViewCell.swift */,
			);
			path = View;
			sourceTree = "<group>";
		};
		D055931622E8883B000AB481 /* Controller */ = {
			isa = PBXGroup;
			children = (
				D055930222E88650000AB481 /* AppDelegate.swift */,
				D055930422E88650000AB481 /* ArticlesTableVC.swift */,
				D083715022F1C27100220B18 /* ArticleViewController.swift */,
			);
			path = Controller;
			sourceTree = "<group>";
		};
		D065A14B22E9A2CC0049B608 /* Supporting Files */ = {
			isa = PBXGroup;
			children = (
				D055930922E88657000AB481 /* Assets.xcassets */,
				D083714C22EF180C00220B18 /* ArticleRetriever.swift */,
			);
			path = "Supporting Files";
			sourceTree = "<group>";
		};
		D8C184170854DB58FAB519DA /* Pods */ = {
			isa = PBXGroup;
			children = (
				63B9591DD7B27C7B801E9693 /* Pods-DOUCalendar.debug.xcconfig */,
				57991BB920877D56FB065E65 /* Pods-DOUCalendar.release.xcconfig */,
			);
			path = Pods;
			sourceTree = "<group>";
		};
/* End PBXGroup section */

/* Begin PBXNativeTarget section */
		D05592FE22E8864F000AB481 /* DOUCalendar */ = {
			isa = PBXNativeTarget;
			buildConfigurationList = D055931122E88657000AB481 /* Build configuration list for PBXNativeTarget "DOUCalendar" */;
			buildPhases = (
				CB05EEAD0D8407CA34A7A89A /* [CP] Check Pods Manifest.lock */,
				D05592FB22E8864F000AB481 /* Sources */,
				D05592FC22E8864F000AB481 /* Frameworks */,
				D05592FD22E8864F000AB481 /* Resources */,
				829B62098ABAAE65E5A6F63D /* [CP] Embed Pods Frameworks */,
			);
			buildRules = (
			);
			dependencies = (
			);
			name = DOUCalendar;
			productName = DOUCalendar;
			productReference = D05592FF22E88650000AB481 /* DOUCalendar.app */;
			productType = "com.apple.product-type.application";
		};
/* End PBXNativeTarget section */

/* Begin PBXProject section */
		D05592F722E8864F000AB481 /* Project object */ = {
			isa = PBXProject;
			attributes = {
				LastSwiftUpdateCheck = 1020;
				LastUpgradeCheck = 1020;
				ORGANIZATIONNAME = "Anton Skomarovskyi";
				TargetAttributes = {
					D05592FE22E8864F000AB481 = {
						CreatedOnToolsVersion = 10.2.1;
					};
				};
			};
			buildConfigurationList = D05592FA22E8864F000AB481 /* Build configuration list for PBXProject "DOUCalendar" */;
			compatibilityVersion = "Xcode 9.3";
			developmentRegion = en;
			hasScannedForEncodings = 0;
			knownRegions = (
				en,
				Base,
			);
			mainGroup = D05592F622E8864F000AB481;
			productRefGroup = D055930022E88650000AB481 /* Products */;
			projectDirPath = "";
			projectRoot = "";
			targets = (
				D05592FE22E8864F000AB481 /* DOUCalendar */,
			);
		};
/* End PBXProject section */

/* Begin PBXResourcesBuildPhase section */
		D05592FD22E8864F000AB481 /* Resources */ = {
			isa = PBXResourcesBuildPhase;
			buildActionMask = 2147483647;
			files = (
				D055930D22E88657000AB481 /* LaunchScreen.storyboard in Resources */,
				D055930A22E88657000AB481 /* Assets.xcassets in Resources */,
				D055930822E88650000AB481 /* Main.storyboard in Resources */,
			);
			runOnlyForDeploymentPostprocessing = 0;
		};
/* End PBXResourcesBuildPhase section */

/* Begin PBXShellScriptBuildPhase section */
		829B62098ABAAE65E5A6F63D /* [CP] Embed Pods Frameworks */ = {
			isa = PBXShellScriptBuildPhase;
			buildActionMask = 2147483647;
			files = (
			);
			inputFileListPaths = (
				"${PODS_ROOT}/Target Support Files/Pods-DOUCalendar/Pods-DOUCalendar-frameworks-${CONFIGURATION}-input-files.xcfilelist",
			);
			name = "[CP] Embed Pods Frameworks";
			outputFileListPaths = (
				"${PODS_ROOT}/Target Support Files/Pods-DOUCalendar/Pods-DOUCalendar-frameworks-${CONFIGURATION}-output-files.xcfilelist",
			);
			runOnlyForDeploymentPostprocessing = 0;
			shellPath = /bin/sh;
			shellScript = "\"${PODS_ROOT}/Target Support Files/Pods-DOUCalendar/Pods-DOUCalendar-frameworks.sh\"\n";
			showEnvVarsInLog = 0;
		};
		CB05EEAD0D8407CA34A7A89A /* [CP] Check Pods Manifest.lock */ = {
			isa = PBXShellScriptBuildPhase;
			buildActionMask = 2147483647;
			files = (
			);
			inputFileListPaths = (
			);
			inputPaths = (
				"${PODS_PODFILE_DIR_PATH}/Podfile.lock",
				"${PODS_ROOT}/Manifest.lock",
			);
			name = "[CP] Check Pods Manifest.lock";
			outputFileListPaths = (
			);
			outputPaths = (
				"$(DERIVED_FILE_DIR)/Pods-DOUCalendar-checkManifestLockResult.txt",
			);
			runOnlyForDeploymentPostprocessing = 0;
			shellPath = /bin/sh;
			shellScript = "diff \"${PODS_PODFILE_DIR_PATH}/Podfile.lock\" \"${PODS_ROOT}/Manifest.lock\" > /dev/null\nif [ $? != 0 ] ; then\n    # print error to STDERR\n    echo \"error: The sandbox is not in sync with the Podfile.lock. Run 'pod install' or update your CocoaPods installation.\" >&2\n    exit 1\nfi\n# This output is used by Xcode 'outputs' to avoid re-running this script phase.\necho \"SUCCESS\" > \"${SCRIPT_OUTPUT_FILE_0}\"\n";
			showEnvVarsInLog = 0;
		};
/* End PBXShellScriptBuildPhase section */

/* Begin PBXSourcesBuildPhase section */
		D05592FB22E8864F000AB481 /* Sources */ = {
			isa = PBXSourcesBuildPhase;
			buildActionMask = 2147483647;
			files = (
				D083715322F1EAB900220B18 /* ExtendedArticleModel.swift in Sources */,
				D083714F22EF558400220B18 /* ArticleTableViewCell.swift in Sources */,
				D083715122F1C27100220B18 /* ArticleViewController.swift in Sources */,
				D055930522E88650000AB481 /* ArticlesTableVC.swift in Sources */,
				D083714D22EF180C00220B18 /* ArticleRetriever.swift in Sources */,
				D055930322E88650000AB481 /* AppDelegate.swift in Sources */,
				D083946922E9DB4100CB52E5 /* ArticleModel.swift in Sources */,
			);
			runOnlyForDeploymentPostprocessing = 0;
		};
/* End PBXSourcesBuildPhase section */

/* Begin PBXVariantGroup section */
		D055930622E88650000AB481 /* Main.storyboard */ = {
			isa = PBXVariantGroup;
			children = (
				D055930722E88650000AB481 /* Base */,
			);
			name = Main.storyboard;
			sourceTree = "<group>";
		};
		D055930B22E88657000AB481 /* LaunchScreen.storyboard */ = {
			isa = PBXVariantGroup;
			children = (
				D055930C22E88657000AB481 /* Base */,
			);
			name = LaunchScreen.storyboard;
			sourceTree = "<group>";
		};
/* End PBXVariantGroup section */

/* Begin XCBuildConfiguration section */
		D055930F22E88657000AB481 /* Debug */ = {
			isa = XCBuildConfiguration;
			buildSettings = {
				ALWAYS_SEARCH_USER_PATHS = NO;
				CLANG_ANALYZER_NONNULL = YES;
				CLANG_ANALYZER_NUMBER_OBJECT_CONVERSION = YES_AGGRESSIVE;
				CLANG_CXX_LANGUAGE_STANDARD = "gnu++14";
				CLANG_CXX_LIBRARY = "libc++";
				CLANG_ENABLE_MODULES = YES;
				CLANG_ENABLE_OBJC_ARC = YES;
				CLANG_ENABLE_OBJC_WEAK = YES;
				CLANG_WARN_BLOCK_CAPTURE_AUTORELEASING = YES;
				CLANG_WARN_BOOL_CONVERSION = YES;
				CLANG_WARN_COMMA = YES;
				CLANG_WARN_CONSTANT_CONVERSION = YES;
				CLANG_WARN_DEPRECATED_OBJC_IMPLEMENTATIONS = YES;
				CLANG_WARN_DIRECT_OBJC_ISA_USAGE = YES_ERROR;
				CLANG_WARN_DOCUMENTATION_COMMENTS = YES;
				CLANG_WARN_EMPTY_BODY = YES;
				CLANG_WARN_ENUM_CONVERSION = YES;
				CLANG_WARN_INFINITE_RECURSION = YES;
				CLANG_WARN_INT_CONVERSION = YES;
				CLANG_WARN_NON_LITERAL_NULL_CONVERSION = YES;
				CLANG_WARN_OBJC_IMPLICIT_RETAIN_SELF = YES;
				CLANG_WARN_OBJC_LITERAL_CONVERSION = YES;
				CLANG_WARN_OBJC_ROOT_CLASS = YES_ERROR;
				CLANG_WARN_RANGE_LOOP_ANALYSIS = YES;
				CLANG_WARN_STRICT_PROTOTYPES = YES;
				CLANG_WARN_SUSPICIOUS_MOVE = YES;
				CLANG_WARN_UNGUARDED_AVAILABILITY = YES_AGGRESSIVE;
				CLANG_WARN_UNREACHABLE_CODE = YES;
				CLANG_WARN__DUPLICATE_METHOD_MATCH = YES;
				CODE_SIGN_IDENTITY = "iPhone Developer";
				COPY_PHASE_STRIP = NO;
				DEBUG_INFORMATION_FORMAT = dwarf;
				ENABLE_STRICT_OBJC_MSGSEND = YES;
				ENABLE_TESTABILITY = YES;
				GCC_C_LANGUAGE_STANDARD = gnu11;
				GCC_DYNAMIC_NO_PIC = NO;
				GCC_NO_COMMON_BLOCKS = YES;
				GCC_OPTIMIZATION_LEVEL = 0;
				GCC_PREPROCESSOR_DEFINITIONS = (
					"DEBUG=1",
					"$(inherited)",
				);
				GCC_WARN_64_TO_32_BIT_CONVERSION = YES;
				GCC_WARN_ABOUT_RETURN_TYPE = YES_ERROR;
				GCC_WARN_UNDECLARED_SELECTOR = YES;
				GCC_WARN_UNINITIALIZED_AUTOS = YES_AGGRESSIVE;
				GCC_WARN_UNUSED_FUNCTION = YES;
				GCC_WARN_UNUSED_VARIABLE = YES;
				IPHONEOS_DEPLOYMENT_TARGET = 12.2;
				MTL_ENABLE_DEBUG_INFO = INCLUDE_SOURCE;
				MTL_FAST_MATH = YES;
				ONLY_ACTIVE_ARCH = YES;
				SDKROOT = iphoneos;
				SWIFT_ACTIVE_COMPILATION_CONDITIONS = DEBUG;
				SWIFT_OPTIMIZATION_LEVEL = "-Onone";
			};
			name = Debug;
		};
		D055931022E88657000AB481 /* Release */ = {
			isa = XCBuildConfiguration;
			buildSettings = {
				ALWAYS_SEARCH_USER_PATHS = NO;
				CLANG_ANALYZER_NONNULL = YES;
				CLANG_ANALYZER_NUMBER_OBJECT_CONVERSION = YES_AGGRESSIVE;
				CLANG_CXX_LANGUAGE_STANDARD = "gnu++14";
				CLANG_CXX_LIBRARY = "libc++";
				CLANG_ENABLE_MODULES = YES;
				CLANG_ENABLE_OBJC_ARC = YES;
				CLANG_ENABLE_OBJC_WEAK = YES;
				CLANG_WARN_BLOCK_CAPTURE_AUTORELEASING = YES;
				CLANG_WARN_BOOL_CONVERSION = YES;
				CLANG_WARN_COMMA = YES;
				CLANG_WARN_CONSTANT_CONVERSION = YES;
				CLANG_WARN_DEPRECATED_OBJC_IMPLEMENTATIONS = YES;
				CLANG_WARN_DIRECT_OBJC_ISA_USAGE = YES_ERROR;
				CLANG_WARN_DOCUMENTATION_COMMENTS = YES;
				CLANG_WARN_EMPTY_BODY = YES;
				CLANG_WARN_ENUM_CONVERSION = YES;
				CLANG_WARN_INFINITE_RECURSION = YES;
				CLANG_WARN_INT_CONVERSION = YES;
				CLANG_WARN_NON_LITERAL_NULL_CONVERSION = YES;
				CLANG_WARN_OBJC_IMPLICIT_RETAIN_SELF = YES;
				CLANG_WARN_OBJC_LITERAL_CONVERSION = YES;
				CLANG_WARN_OBJC_ROOT_CLASS = YES_ERROR;
				CLANG_WARN_RANGE_LOOP_ANALYSIS = YES;
				CLANG_WARN_STRICT_PROTOTYPES = YES;
				CLANG_WARN_SUSPICIOUS_MOVE = YES;
				CLANG_WARN_UNGUARDED_AVAILABILITY = YES_AGGRESSIVE;
				CLANG_WARN_UNREACHABLE_CODE = YES;
				CLANG_WARN__DUPLICATE_METHOD_MATCH = YES;
				CODE_SIGN_IDENTITY = "iPhone Developer";
				COPY_PHASE_STRIP = NO;
				DEBUG_INFORMATION_FORMAT = "dwarf-with-dsym";
				ENABLE_NS_ASSERTIONS = NO;
				ENABLE_STRICT_OBJC_MSGSEND = YES;
				GCC_C_LANGUAGE_STANDARD = gnu11;
				GCC_NO_COMMON_BLOCKS = YES;
				GCC_WARN_64_TO_32_BIT_CONVERSION = YES;
				GCC_WARN_ABOUT_RETURN_TYPE = YES_ERROR;
				GCC_WARN_UNDECLARED_SELECTOR = YES;
				GCC_WARN_UNINITIALIZED_AUTOS = YES_AGGRESSIVE;
				GCC_WARN_UNUSED_FUNCTION = YES;
				GCC_WARN_UNUSED_VARIABLE = YES;
				IPHONEOS_DEPLOYMENT_TARGET = 12.2;
				MTL_ENABLE_DEBUG_INFO = NO;
				MTL_FAST_MATH = YES;
				SDKROOT = iphoneos;
				SWIFT_COMPILATION_MODE = wholemodule;
				SWIFT_OPTIMIZATION_LEVEL = "-O";
				VALIDATE_PRODUCT = YES;
			};
			name = Release;
		};
		D055931222E88657000AB481 /* Debug */ = {
			isa = XCBuildConfiguration;
			baseConfigurationReference = 63B9591DD7B27C7B801E9693 /* Pods-DOUCalendar.debug.xcconfig */;
			buildSettings = {
				ASSETCATALOG_COMPILER_APPICON_NAME = AppIcon;
				CODE_SIGN_STYLE = Automatic;
				DEVELOPMENT_TEAM = YGZ6KH4QFA;
				INFOPLIST_FILE = DOUCalendar/Info.plist;
				LD_RUNPATH_SEARCH_PATHS = (
					"$(inherited)",
					"@executable_path/Frameworks",
				);
				PRODUCT_BUNDLE_IDENTIFIER = onemoreapp.net.DOUCalendar;
				PRODUCT_NAME = "$(TARGET_NAME)";
				SWIFT_VERSION = 5.0;
				TARGETED_DEVICE_FAMILY = "1,2";
			};
			name = Debug;
		};
		D055931322E88657000AB481 /* Release */ = {
			isa = XCBuildConfiguration;
			baseConfigurationReference = 57991BB920877D56FB065E65 /* Pods-DOUCalendar.release.xcconfig */;
			buildSettings = {
				ASSETCATALOG_COMPILER_APPICON_NAME = AppIcon;
				CODE_SIGN_STYLE = Automatic;
				DEVELOPMENT_TEAM = YGZ6KH4QFA;
				INFOPLIST_FILE = DOUCalendar/Info.plist;
				LD_RUNPATH_SEARCH_PATHS = (
					"$(inherited)",
					"@executable_path/Frameworks",
				);
				PRODUCT_BUNDLE_IDENTIFIER = onemoreapp.net.DOUCalendar;
				PRODUCT_NAME = "$(TARGET_NAME)";
				SWIFT_VERSION = 5.0;
				TARGETED_DEVICE_FAMILY = "1,2";
			};
			name = Release;
		};
/* End XCBuildConfiguration section */

/* Begin XCConfigurationList section */
		D05592FA22E8864F000AB481 /* Build configuration list for PBXProject "DOUCalendar" */ = {
			isa = XCConfigurationList;
			buildConfigurations = (
				D055930F22E88657000AB481 /* Debug */,
				D055931022E88657000AB481 /* Release */,
			);
			defaultConfigurationIsVisible = 0;
			defaultConfigurationName = Release;
		};
		D055931122E88657000AB481 /* Build configuration list for PBXNativeTarget "DOUCalendar" */ = {
			isa = XCConfigurationList;
			buildConfigurations = (
				D055931222E88657000AB481 /* Debug */,
				D055931322E88657000AB481 /* Release */,
			);
			defaultConfigurationIsVisible = 0;
			defaultConfigurationName = Release;
		};
/* End XCConfigurationList section */
	};
	rootObject = D05592F722E8864F000AB481 /* Project object */;
}
